
Microsoft Visual Studio Solution File, Format Version 12.00
# Visual Studio Version 16
VisualStudioVersion = 16.0.30225.117
MinimumVisualStudioVersion = 10.0.40219.1
Project("{FAE04EC0-301F-11D3-BF4B-00C04F79EFBC}") = "AspNetCore.SpaServices.Extensions.VueCli", "AspNetCore.SpaServices.Extensions.VueCli\AspNetCore.SpaServices.Extensions.VueCli.csproj", "{B26CE940-8408-485B-9E5E-FCB9100A68A0}"
EndProject
Project("{2150E333-8FDC-42A3-9474-1A3956D46DE8}") = "Misc", "Misc", "{48BB5470-F8F1-4198-9F8D-BD1722B49F6A}"
	ProjectSection(SolutionItems) = preProject
		README.md = README.md
	EndProjectSection
EndProject
Global
	GlobalSection(SolutionConfigurationPlatforms) = preSolution
		Debug|Any CPU = Debug|Any CPU
		Release|Any CPU = Release|Any CPU
	EndGlobalSection
	GlobalSection(ProjectConfigurationPlatforms) = postSolution
		{B26CE940-8408-485B-9E5E-FCB9100A68A0}.Debug|Any CPU.ActiveCfg = Debug|Any CPU
		{B26CE940-8408-485B-9E5E-FCB9100A68A0}.Debug|Any CPU.Build.0 = Debug|Any CPU
		{B26CE940-8408-485B-9E5E-FCB9100A68A0}.Release|Any CPU.ActiveCfg = Release|Any CPU
		{B26CE940-8408-485B-9E5E-FCB9100A68A0}.Release|Any CPU.Build.0 = Release|Any CPU
	EndGlobalSection
	GlobalSection(SolutionProperties) = preSolution
		HideSolutionNode = FALSE
	EndGlobalSection
	GlobalSection(ExtensibilityGlobals) = postSolution
		SolutionGuid = {4C054DE4-52BC-43A0-A012-BDC3BCBC755B}
	EndGlobalSection
EndGlobal
